// !$*UTF8*$!
{
	archiveVersion = 1;
	classes = {
	};
	objectVersion = 50;
	objects = {

/* Begin PBXBuildFile section */
		779F90BD235603A900FEAD1D /* AppDelegate.swift in Sources */ = {isa = PBXBuildFile; fileRef = 779F90BC235603A900FEAD1D /* AppDelegate.swift */; };
		779F90BF235603A900FEAD1D /* ViewController.swift in Sources */ = {isa = PBXBuildFile; fileRef = 779F90BE235603A900FEAD1D /* ViewController.swift */; };
		779F90C2235603A900FEAD1D /* Main.storyboard in Resources */ = {isa = PBXBuildFile; fileRef = 779F90C0235603A900FEAD1D /* Main.storyboard */; };
		779F90C4235603AC00FEAD1D /* Assets.xcassets in Resources */ = {isa = PBXBuildFile; fileRef = 779F90C3235603AC00FEAD1D /* Assets.xcassets */; };
		779F90C7235603AC00FEAD1D /* LaunchScreen.storyboard in Resources */ = {isa = PBXBuildFile; fileRef = 779F90C5235603AC00FEAD1D /* LaunchScreen.storyboard */; };
		779F90D2235603AC00FEAD1D /* RecipesTests.swift in Sources */ = {isa = PBXBuildFile; fileRef = 779F90D1235603AC00FEAD1D /* RecipesTests.swift */; };
		779F90DD235603AC00FEAD1D /* RecipesUITests.swift in Sources */ = {isa = PBXBuildFile; fileRef = 779F90DC235603AC00FEAD1D /* RecipesUITests.swift */; };
		779F90EB235615A900FEAD1D /* AddViewController.swift in Sources */ = {isa = PBXBuildFile; fileRef = 779F90EA235615A900FEAD1D /* AddViewController.swift */; };
		779F90ED235615C100FEAD1D /* DetailViewController.swift in Sources */ = {isa = PBXBuildFile; fileRef = 779F90EC235615C100FEAD1D /* DetailViewController.swift */; };
/* End PBXBuildFile section */

/* Begin PBXContainerItemProxy section */
		779F90CE235603AC00FEAD1D /* PBXContainerItemProxy */ = {
			isa = PBXContainerItemProxy;
			containerPortal = 779F90B1235603A900FEAD1D /* Project object */;
			proxyType = 1;
			remoteGlobalIDString = 779F90B8235603A900FEAD1D;
			remoteInfo = Recipes;
		};
		779F90D9235603AC00FEAD1D /* PBXContainerItemProxy */ = {
			isa = PBXContainerItemProxy;
			containerPortal = 779F90B1235603A900FEAD1D /* Project object */;
			proxyType = 1;
			remoteGlobalIDString = 779F90B8235603A900FEAD1D;
			remoteInfo = Recipes;
		};
/* End PBXContainerItemProxy section */

/* Begin PBXFileReference section */
		779F90B9235603A900FEAD1D /* Recipes.app */ = {isa = PBXFileReference; explicitFileType = wrapper.application; includeInIndex = 0; path = Recipes.app; sourceTree = BUILT_PRODUCTS_DIR; };
		779F90BC235603A900FEAD1D /* AppDelegate.swift */ = {isa = PBXFileReference; lastKnownFileType = sourcecode.swift; path = AppDelegate.swift; sourceTree = "<group>"; };
		779F90BE235603A900FEAD1D /* ViewController.swift */ = {isa = PBXFileReference; lastKnownFileType = sourcecode.swift; path = ViewController.swift; sourceTree = "<group>"; };
		779F90C1235603A900FEAD1D /* Base */ = {isa = PBXFileReference; lastKnownFileType = file.storyboard; name = Base; path = Base.lproj/Main.storyboard; sourceTree = "<group>"; };
		779F90C3235603AC00FEAD1D /* Assets.xcassets */ = {isa = PBXFileReference; lastKnownFileType = folder.assetcatalog; path = Assets.xcassets; sourceTree = "<group>"; };
		779F90C6235603AC00FEAD1D /* Base */ = {isa = PBXFileReference; lastKnownFileType = file.storyboard; name = Base; path = Base.lproj/LaunchScreen.storyboard; sourceTree = "<group>"; };
		779F90C8235603AC00FEAD1D /* Info.plist */ = {isa = PBXFileReference; lastKnownFileType = text.plist.xml; path = Info.plist; sourceTree = "<group>"; };
		779F90CD235603AC00FEAD1D /* RecipesTests.xctest */ = {isa = PBXFileReference; explicitFileType = wrapper.cfbundle; includeInIndex = 0; path = RecipesTests.xctest; sourceTree = BUILT_PRODUCTS_DIR; };
		779F90D1235603AC00FEAD1D /* RecipesTests.swift */ = {isa = PBXFileReference; lastKnownFileType = sourcecode.swift; path = RecipesTests.swift; sourceTree = "<group>"; };
		779F90D3235603AC00FEAD1D /* Info.plist */ = {isa = PBXFileReference; lastKnownFileType = text.plist.xml; path = Info.plist; sourceTree = "<group>"; };
		779F90D8235603AC00FEAD1D /* RecipesUITests.xctest */ = {isa = PBXFileReference; explicitFileType = wrapper.cfbundle; includeInIndex = 0; path = RecipesUITests.xctest; sourceTree = BUILT_PRODUCTS_DIR; };
		779F90DC235603AC00FEAD1D /* RecipesUITests.swift */ = {isa = PBXFileReference; lastKnownFileType = sourcecode.swift; path = RecipesUITests.swift; sourceTree = "<group>"; };
		779F90DE235603AC00FEAD1D /* Info.plist */ = {isa = PBXFileReference; lastKnownFileType = text.plist.xml; path = Info.plist; sourceTree = "<group>"; };
		779F90EA235615A900FEAD1D /* AddViewController.swift */ = {isa = PBXFileReference; lastKnownFileType = sourcecode.swift; path = AddViewController.swift; sourceTree = "<group>"; };
		779F90EC235615C100FEAD1D /* DetailViewController.swift */ = {isa = PBXFileReference; lastKnownFileType = sourcecode.swift; path = DetailViewController.swift; sourceTree = "<group>"; };
/* End PBXFileReference section */

/* Begin PBXFrameworksBuildPhase section */
		779F90B6235603A900FEAD1D /* Frameworks */ = {
			isa = PBXFrameworksBuildPhase;
			buildActionMask = 2147483647;
			files = (
			);
			runOnlyForDeploymentPostprocessing = 0;
		};
		779F90CA235603AC00FEAD1D /* Frameworks */ = {
			isa = PBXFrameworksBuildPhase;
			buildActionMask = 2147483647;
			files = (
			);
			runOnlyForDeploymentPostprocessing = 0;
		};
		779F90D5235603AC00FEAD1D /* Frameworks */ = {
			isa = PBXFrameworksBuildPhase;
			buildActionMask = 2147483647;
			files = (
			);
			runOnlyForDeploymentPostprocessing = 0;
		};
/* End PBXFrameworksBuildPhase section */

/* Begin PBXGroup section */
		779F90B0235603A900FEAD1D = {
			isa = PBXGroup;
			children = (
				779F90BB235603A900FEAD1D /* Recipes */,
				779F90D0235603AC00FEAD1D /* RecipesTests */,
				779F90DB235603AC00FEAD1D /* RecipesUITests */,
				779F90BA235603A900FEAD1D /* Products */,
			);
			sourceTree = "<group>";
		};
		779F90BA235603A900FEAD1D /* Products */ = {
			isa = PBXGroup;
			children = (
				779F90B9235603A900FEAD1D /* Recipes.app */,
				779F90CD235603AC00FEAD1D /* RecipesTests.xctest */,
				779F90D8235603AC00FEAD1D /* RecipesUITests.xctest */,
			);
			name = Products;
			sourceTree = "<group>";
		};
		779F90BB235603A900FEAD1D /* Recipes */ = {
			isa = PBXGroup;
			children = (
				779F90BC235603A900FEAD1D /* AppDelegate.swift */,
				779F90BE235603A900FEAD1D /* ViewController.swift */,
				779F90EA235615A900FEAD1D /* AddViewController.swift */,
				779F90EC235615C100FEAD1D /* DetailViewController.swift */,
				779F90C0235603A900FEAD1D /* Main.storyboard */,
				779F90C3235603AC00FEAD1D /* Assets.xcassets */,
				779F90C5235603AC00FEAD1D /* LaunchScreen.storyboard */,
				779F90C8235603AC00FEAD1D /* Info.plist */,
			);
			path = Recipes;
			sourceTree = "<group>";
		};
		779F90D0235603AC00FEAD1D /* RecipesTests */ = {
			isa = PBXGroup;
			children = (
				779F90D1235603AC00FEAD1D /* RecipesTests.swift */,
				779F90D3235603AC00FEAD1D /* Info.plist */,
			);
			path = RecipesTests;
			sourceTree = "<group>";
		};
		779F90DB235603AC00FEAD1D /* RecipesUITests */ = {
			isa = PBXGroup;
			children = (
				779F90DC235603AC00FEAD1D /* RecipesUITests.swift */,
				779F90DE235603AC00FEAD1D /* Info.plist */,
			);
			path = RecipesUITests;
			sourceTree = "<group>";
		};
/* End PBXGroup section */

/* Begin PBXNativeTarget section */
		779F90B8235603A900FEAD1D /* Recipes */ = {
			isa = PBXNativeTarget;
			buildConfigurationList = 779F90E1235603AC00FEAD1D /* Build configuration list for PBXNativeTarget "Recipes" */;
			buildPhases = (
				779F90B5235603A900FEAD1D /* Sources */,
				779F90B6235603A900FEAD1D /* Frameworks */,
				779F90B7235603A900FEAD1D /* Resources */,
			);
			buildRules = (
			);
			dependencies = (
			);
			name = Recipes;
			productName = Recipes;
			productReference = 779F90B9235603A900FEAD1D /* Recipes.app */;
			productType = "com.apple.product-type.application";
		};
		779F90CC235603AC00FEAD1D /* RecipesTests */ = {
			isa = PBXNativeTarget;
			buildConfigurationList = 779F90E4235603AC00FEAD1D /* Build configuration list for PBXNativeTarget "RecipesTests" */;
			buildPhases = (
				779F90C9235603AC00FEAD1D /* Sources */,
				779F90CA235603AC00FEAD1D /* Frameworks */,
				779F90CB235603AC00FEAD1D /* Resources */,
			);
			buildRules = (
			);
			dependencies = (
				779F90CF235603AC00FEAD1D /* PBXTargetDependency */,
			);
			name = RecipesTests;
			productName = RecipesTests;
			productReference = 779F90CD235603AC00FEAD1D /* RecipesTests.xctest */;
			productType = "com.apple.product-type.bundle.unit-test";
		};
		779F90D7235603AC00FEAD1D /* RecipesUITests */ = {
			isa = PBXNativeTarget;
			buildConfigurationList = 779F90E7235603AC00FEAD1D /* Build configuration list for PBXNativeTarget "RecipesUITests" */;
			buildPhases = (
				779F90D4235603AC00FEAD1D /* Sources */,
				779F90D5235603AC00FEAD1D /* Frameworks */,
				779F90D6235603AC00FEAD1D /* Resources */,
			);
			buildRules = (
			);
			dependencies = (
				779F90DA235603AC00FEAD1D /* PBXTargetDependency */,
			);
			name = RecipesUITests;
			productName = RecipesUITests;
			productReference = 779F90D8235603AC00FEAD1D /* RecipesUITests.xctest */;
			productType = "com.apple.product-type.bundle.ui-testing";
		};
/* End PBXNativeTarget section */

/* Begin PBXProject section */
		779F90B1235603A900FEAD1D /* Project object */ = {
			isa = PBXProject;
			attributes = {
				LastSwiftUpdateCheck = 1000;
				LastUpgradeCheck = 1000;
				ORGANIZATIONNAME = "Sean Hornsby";
				TargetAttributes = {
					779F90B8235603A900FEAD1D = {
						CreatedOnToolsVersion = 10.0;
					};
					779F90CC235603AC00FEAD1D = {
						CreatedOnToolsVersion = 10.0;
						TestTargetID = 779F90B8235603A900FEAD1D;
					};
					779F90D7235603AC00FEAD1D = {
						CreatedOnToolsVersion = 10.0;
						TestTargetID = 779F90B8235603A900FEAD1D;
					};
				};
			};
			buildConfigurationList = 779F90B4235603A900FEAD1D /* Build configuration list for PBXProject "Recipes" */;
			compatibilityVersion = "Xcode 9.3";
			developmentRegion = en;
			hasScannedForEncodings = 0;
			knownRegions = (
				en,
				Base,
			);
			mainGroup = 779F90B0235603A900FEAD1D;
			productRefGroup = 779F90BA235603A900FEAD1D /* Products */;
			projectDirPath = "";
			projectRoot = "";
			targets = (
				779F90B8235603A900FEAD1D /* Recipes */,
				779F90CC235603AC00FEAD1D /* RecipesTests */,
				779F90D7235603AC00FEAD1D /* RecipesUITests */,
			);
		};
/* End PBXProject section */

/* Begin PBXResourcesBuildPhase section */
		779F90B7235603A900FEAD1D /* Resources */ = {
			isa = PBXResourcesBuildPhase;
			buildActionMask = 2147483647;
			files = (
				779F90C7235603AC00FEAD1D /* LaunchScreen.storyboard in Resources */,
				779F90C4235603AC00FEAD1D /* Assets.xcassets in Resources */,
				779F90C2235603A900FEAD1D /* Main.storyboard in Resources */,
			);
			runOnlyForDeploymentPostprocessing = 0;
		};
		779F90CB235603AC00FEAD1D /* Resources */ = {
			isa = PBXResourcesBuildPhase;
			buildActionMask = 2147483647;
			files = (
			);
			runOnlyForDeploymentPostprocessing = 0;
		};
		779F90D6235603AC00FEAD1D /* Resources */ = {
			isa = PBXResourcesBuildPhase;
			buildActionMask = 2147483647;
			files = (
			);
			runOnlyForDeploymentPostprocessing = 0;
		};
/* End PBXResourcesBuildPhase section */

/* Begin PBXSourcesBuildPhase section */
		779F90B5235603A900FEAD1D /* Sources */ = {
			isa = PBXSourcesBuildPhase;
			buildActionMask = 2147483647;
			files = (
				779F90BF235603A900FEAD1D /* ViewController.swift in Sources */,
				779F90BD235603A900FEAD1D /* AppDelegate.swift in Sources */,
				779F90EB235615A900FEAD1D /* AddViewController.swift in Sources */,
				779F90ED235615C100FEAD1D /* DetailViewController.swift in Sources */,
			);
			runOnlyForDeploymentPostprocessing = 0;
		};
		779F90C9235603AC00FEAD1D /* Sources */ = {
			isa = PBXSourcesBuildPhase;
			buildActionMask = 2147483647;
			files = (
				779F90D2235603AC00FEAD1D /* RecipesTests.swift in Sources */,
			);
			runOnlyForDeploymentPostprocessing = 0;
		};
		779F90D4235603AC00FEAD1D /* Sources */ = {
			isa = PBXSourcesBuildPhase;
			buildActionMask = 2147483647;
			files = (
				779F90DD235603AC00FEAD1D /* RecipesUITests.swift in Sources */,
			);
			runOnlyForDeploymentPostprocessing = 0;
		};
/* End PBXSourcesBuildPhase section */

/* Begin PBXTargetDependency section */
		779F90CF235603AC00FEAD1D /* PBXTargetDependency */ = {
			isa = PBXTargetDependency;
			target = 779F90B8235603A900FEAD1D /* Recipes */;
			targetProxy = 779F90CE235603AC00FEAD1D /* PBXContainerItemProxy */;
		};
		779F90DA235603AC00FEAD1D /* PBXTargetDependency */ = {
			isa = PBXTargetDependency;
			target = 779F90B8235603A900FEAD1D /* Recipes */;
			targetProxy = 779F90D9235603AC00FEAD1D /* PBXContainerItemProxy */;
		};
/* End PBXTargetDependency section */

/* Begin PBXVariantGroup section */
		779F90C0235603A900FEAD1D /* Main.storyboard */ = {
			isa = PBXVariantGroup;
			children = (
				779F90C1235603A900FEAD1D /* Base */,
			);
			name = Main.storyboard;
			sourceTree = "<group>";
		};
		779F90C5235603AC00FEAD1D /* LaunchScreen.storyboard */ = {
			isa = PBXVariantGroup;
			children = (
				779F90C6235603AC00FEAD1D /* Base */,
			);
			name = LaunchScreen.storyboard;
			sourceTree = "<group>";
		};
/* End PBXVariantGroup section */

/* Begin XCBuildConfiguration section */
		779F90DF235603AC00FEAD1D /* Debug */ = {
			isa = XCBuildConfiguration;
			buildSettings = {
				ALWAYS_SEARCH_USER_PATHS = NO;
				CLANG_ANALYZER_NONNULL = YES;
				CLANG_ANALYZER_NUMBER_OBJECT_CONVERSION = YES_AGGRESSIVE;
				CLANG_CXX_LANGUAGE_STANDARD = "gnu++14";
				CLANG_CXX_LIBRARY = "libc++";
				CLANG_ENABLE_MODULES = YES;
				CLANG_ENABLE_OBJC_ARC = YES;
				CLANG_ENABLE_OBJC_WEAK = YES;
				CLANG_WARN_BLOCK_CAPTURE_AUTORELEASING = YES;
				CLANG_WARN_BOOL_CONVERSION = YES;
				CLANG_WARN_COMMA = YES;
				CLANG_WARN_CONSTANT_CONVERSION = YES;
				CLANG_WARN_DEPRECATED_OBJC_IMPLEMENTATIONS = YES;
				CLANG_WARN_DIRECT_OBJC_ISA_USAGE = YES_ERROR;
				CLANG_WARN_DOCUMENTATION_COMMENTS = YES;
				CLANG_WARN_EMPTY_BODY = YES;
				CLANG_WARN_ENUM_CONVERSION = YES;
				CLANG_WARN_INFINITE_RECURSION = YES;
				CLANG_WARN_INT_CONVERSION = YES;
				CLANG_WARN_NON_LITERAL_NULL_CONVERSION = YES;
				CLANG_WARN_OBJC_IMPLICIT_RETAIN_SELF = YES;
				CLANG_WARN_OBJC_LITERAL_CONVERSION = YES;
				CLANG_WARN_OBJC_ROOT_CLASS = YES_ERROR;
				CLANG_WARN_RANGE_LOOP_ANALYSIS = YES;
				CLANG_WARN_STRICT_PROTOTYPES = YES;
				CLANG_WARN_SUSPICIOUS_MOVE = YES;
				CLANG_WARN_UNGUARDED_AVAILABILITY = YES_AGGRESSIVE;
				CLANG_WARN_UNREACHABLE_CODE = YES;
				CLANG_WARN__DUPLICATE_METHOD_MATCH = YES;
				CODE_SIGN_IDENTITY = "iPhone Developer";
				COPY_PHASE_STRIP = NO;
				DEBUG_INFORMATION_FORMAT = dwarf;
				ENABLE_STRICT_OBJC_MSGSEND = YES;
				ENABLE_TESTABILITY = YES;
				GCC_C_LANGUAGE_STANDARD = gnu11;
				GCC_DYNAMIC_NO_PIC = NO;
				GCC_NO_COMMON_BLOCKS = YES;
				GCC_OPTIMIZATION_LEVEL = 0;
				GCC_PREPROCESSOR_DEFINITIONS = (
					"DEBUG=1",
					"$(inherited)",
				);
				GCC_WARN_64_TO_32_BIT_CONVERSION = YES;
				GCC_WARN_ABOUT_RETURN_TYPE = YES_ERROR;
				GCC_WARN_UNDECLARED_SELECTOR = YES;
				GCC_WARN_UNINITIALIZED_AUTOS = YES_AGGRESSIVE;
				GCC_WARN_UNUSED_FUNCTION = YES;
				GCC_WARN_UNUSED_VARIABLE = YES;
				IPHONEOS_DEPLOYMENT_TARGET = 12.0;
				MTL_ENABLE_DEBUG_INFO = INCLUDE_SOURCE;
				MTL_FAST_MATH = YES;
				ONLY_ACTIVE_ARCH = YES;
				SDKROOT = iphoneos;
				SWIFT_ACTIVE_COMPILATION_CONDITIONS = DEBUG;
				SWIFT_OPTIMIZATION_LEVEL = "-Onone";
			};
			name = Debug;
		};
		779F90E0235603AC00FEAD1D /* Release */ = {
			isa = XCBuildConfiguration;
			buildSettings = {
				ALWAYS_SEARCH_USER_PATHS = NO;
				CLANG_ANALYZER_NONNULL = YES;
				CLANG_ANALYZER_NUMBER_OBJECT_CONVERSION = YES_AGGRESSIVE;
				CLANG_CXX_LANGUAGE_STANDARD = "gnu++14";
				CLANG_CXX_LIBRARY = "libc++";
				CLANG_ENABLE_MODULES = YES;
				CLANG_ENABLE_OBJC_ARC = YES;
				CLANG_ENABLE_OBJC_WEAK = YES;
				CLANG_WARN_BLOCK_CAPTURE_AUTORELEASING = YES;
				CLANG_WARN_BOOL_CONVERSION = YES;
				CLANG_WARN_COMMA = YES;
				CLANG_WARN_CONSTANT_CONVERSION = YES;
				CLANG_WARN_DEPRECATED_OBJC_IMPLEMENTATIONS = YES;
				CLANG_WARN_DIRECT_OBJC_ISA_USAGE = YES_ERROR;
				CLANG_WARN_DOCUMENTATION_COMMENTS = YES;
				CLANG_WARN_EMPTY_BODY = YES;
				CLANG_WARN_ENUM_CONVERSION = YES;
				CLANG_WARN_INFINITE_RECURSION = YES;
				CLANG_WARN_INT_CONVERSION = YES;
				CLANG_WARN_NON_LITERAL_NULL_CONVERSION = YES;
				CLANG_WARN_OBJC_IMPLICIT_RETAIN_SELF = YES;
				CLANG_WARN_OBJC_LITERAL_CONVERSION = YES;
				CLANG_WARN_OBJC_ROOT_CLASS = YES_ERROR;
				CLANG_WARN_RANGE_LOOP_ANALYSIS = YES;
				CLANG_WARN_STRICT_PROTOTYPES = YES;
				CLANG_WARN_SUSPICIOUS_MOVE = YES;
				CLANG_WARN_UNGUARDED_AVAILABILITY = YES_AGGRESSIVE;
				CLANG_WARN_UNREACHABLE_CODE = YES;
				CLANG_WARN__DUPLICATE_METHOD_MATCH = YES;
				CODE_SIGN_IDENTITY = "iPhone Developer";
				COPY_PHASE_STRIP = NO;
				DEBUG_INFORMATION_FORMAT = "dwarf-with-dsym";
				ENABLE_NS_ASSERTIONS = NO;
				ENABLE_STRICT_OBJC_MSGSEND = YES;
				GCC_C_LANGUAGE_STANDARD = gnu11;
				GCC_NO_COMMON_BLOCKS = YES;
				GCC_WARN_64_TO_32_BIT_CONVERSION = YES;
				GCC_WARN_ABOUT_RETURN_TYPE = YES_ERROR;
				GCC_WARN_UNDECLARED_SELECTOR = YES;
				GCC_WARN_UNINITIALIZED_AUTOS = YES_AGGRESSIVE;
				GCC_WARN_UNUSED_FUNCTION = YES;
				GCC_WARN_UNUSED_VARIABLE = YES;
				IPHONEOS_DEPLOYMENT_TARGET = 12.0;
				MTL_ENABLE_DEBUG_INFO = NO;
				MTL_FAST_MATH = YES;
				SDKROOT = iphoneos;
				SWIFT_COMPILATION_MODE = wholemodule;
				SWIFT_OPTIMIZATION_LEVEL = "-O";
				VALIDATE_PRODUCT = YES;
			};
			name = Release;
		};
		779F90E2235603AC00FEAD1D /* Debug */ = {
			isa = XCBuildConfiguration;
			buildSettings = {
				ASSETCATALOG_COMPILER_APPICON_NAME = AppIcon;
				CODE_SIGN_STYLE = Automatic;
				DEVELOPMENT_TEAM = 3AJ2U2XHY3;
				INFOPLIST_FILE = Recipes/Info.plist;
				LD_RUNPATH_SEARCH_PATHS = (
					"$(inherited)",
					"@executable_path/Frameworks",
				);
				PRODUCT_BUNDLE_IDENTIFIER = none.Recipes;
				PRODUCT_NAME = "$(TARGET_NAME)";
				SWIFT_VERSION = 4.2;
				TARGETED_DEVICE_FAMILY = "1,2";
			};
			name = Debug;
		};
		779F90E3235603AC00FEAD1D /* Release */ = {
			isa = XCBuildConfiguration;
			buildSettings = {
				ASSETCATALOG_COMPILER_APPICON_NAME = AppIcon;
				CODE_SIGN_STYLE = Automatic;
				DEVELOPMENT_TEAM = 3AJ2U2XHY3;
				INFOPLIST_FILE = Recipes/Info.plist;
				LD_RUNPATH_SEARCH_PATHS = (
					"$(inherited)",
					"@executable_path/Frameworks",
				);
				PRODUCT_BUNDLE_IDENTIFIER = none.Recipes;
				PRODUCT_NAME = "$(TARGET_NAME)";
				SWIFT_VERSION = 4.2;
				TARGETED_DEVICE_FAMILY = "1,2";
			};
			name = Release;
		};
		779F90E5235603AC00FEAD1D /* Debug */ = {
			isa = XCBuildConfiguration;
			buildSettings = {
				ALWAYS_EMBED_SWIFT_STANDARD_LIBRARIES = YES;
				BUNDLE_LOADER = "$(TEST_HOST)";
				CODE_SIGN_STYLE = Automatic;
				DEVELOPMENT_TEAM = 3AJ2U2XHY3;
				INFOPLIST_FILE = RecipesTests/Info.plist;
				LD_RUNPATH_SEARCH_PATHS = (
					"$(inherited)",
					"@executable_path/Frameworks",
					"@loader_path/Frameworks",
				);
				PRODUCT_BUNDLE_IDENTIFIER = none.RecipesTests;
				PRODUCT_NAME = "$(TARGET_NAME)";
				SWIFT_VERSION = 4.2;
				TARGETED_DEVICE_FAMILY = "1,2";
				TEST_HOST = "$(BUILT_PRODUCTS_DIR)/Recipes.app/Recipes";
			};
			name = Debug;
		};
		779F90E6235603AC00FEAD1D /* Release */ = {
			isa = XCBuildConfiguration;
			buildSettings = {
				ALWAYS_EMBED_SWIFT_STANDARD_LIBRARIES = YES;
				BUNDLE_LOADER = "$(TEST_HOST)";
				CODE_SIGN_STYLE = Automatic;
				DEVELOPMENT_TEAM = 3AJ2U2XHY3;
				INFOPLIST_FILE = RecipesTests/Info.plist;
				LD_RUNPATH_SEARCH_PATHS = (
					"$(inherited)",
					"@executable_path/Frameworks",
					"@loader_path/Frameworks",
				);
				PRODUCT_BUNDLE_IDENTIFIER = none.RecipesTests;
				PRODUCT_NAME = "$(TARGET_NAME)";
				SWIFT_VERSION = 4.2;
				TARGETED_DEVICE_FAMILY = "1,2";
				TEST_HOST = "$(BUILT_PRODUCTS_DIR)/Recipes.app/Recipes";
			};
			name = Release;
		};
		779F90E8235603AC00FEAD1D /* Debug */ = {
			isa = XCBuildConfiguration;
			buildSettings = {
				ALWAYS_EMBED_SWIFT_STANDARD_LIBRARIES = YES;
				CODE_SIGN_STYLE = Automatic;
				DEVELOPMENT_TEAM = 3AJ2U2XHY3;
				INFOPLIST_FILE = RecipesUITests/Info.plist;
				LD_RUNPATH_SEARCH_PATHS = (
					"$(inherited)",
					"@executable_path/Frameworks",
					"@loader_path/Frameworks",
				);
				PRODUCT_BUNDLE_IDENTIFIER = none.RecipesUITests;
				PRODUCT_NAME = "$(TARGET_NAME)";
				SWIFT_VERSION = 4.2;
				TARGETED_DEVICE_FAMILY = "1,2";
				TEST_TARGET_NAME = Recipes;
			};
			name = Debug;
		};
		779F90E9235603AC00FEAD1D /* Release */ = {
			isa = XCBuildConfiguration;
			buildSettings = {
				ALWAYS_EMBED_SWIFT_STANDARD_LIBRARIES = YES;
				CODE_SIGN_STYLE = Automatic;
				DEVELOPMENT_TEAM = 3AJ2U2XHY3;
				INFOPLIST_FILE = RecipesUITests/Info.plist;
				LD_RUNPATH_SEARCH_PATHS = (
					"$(inherited)",
					"@executable_path/Frameworks",
					"@loader_path/Frameworks",
				);
				PRODUCT_BUNDLE_IDENTIFIER = none.RecipesUITests;
				PRODUCT_NAME = "$(TARGET_NAME)";
				SWIFT_VERSION = 4.2;
				TARGETED_DEVICE_FAMILY = "1,2";
				TEST_TARGET_NAME = Recipes;
			};
			name = Release;
		};
/* End XCBuildConfiguration section */

/* Begin XCConfigurationList section */
		779F90B4235603A900FEAD1D /* Build configuration list for PBXProject "Recipes" */ = {
			isa = XCConfigurationList;
			buildConfigurations = (
				779F90DF235603AC00FEAD1D /* Debug */,
				779F90E0235603AC00FEAD1D /* Release */,
			);
			defaultConfigurationIsVisible = 0;
			defaultConfigurationName = Release;
		};
		779F90E1235603AC00FEAD1D /* Build configuration list for PBXNativeTarget "Recipes" */ = {
			isa = XCConfigurationList;
			buildConfigurations = (
				779F90E2235603AC00FEAD1D /* Debug */,
				779F90E3235603AC00FEAD1D /* Release */,
			);
			defaultConfigurationIsVisible = 0;
			defaultConfigurationName = Release;
		};
		779F90E4235603AC00FEAD1D /* Build configuration list for PBXNativeTarget "RecipesTests" */ = {
			isa = XCConfigurationList;
			buildConfigurations = (
				779F90E5235603AC00FEAD1D /* Debug */,
				779F90E6235603AC00FEAD1D /* Release */,
			);
			defaultConfigurationIsVisible = 0;
			defaultConfigurationName = Release;
		};
		779F90E7235603AC00FEAD1D /* Build configuration list for PBXNativeTarget "RecipesUITests" */ = {
			isa = XCConfigurationList;
			buildConfigurations = (
				779F90E8235603AC00FEAD1D /* Debug */,
				779F90E9235603AC00FEAD1D /* Release */,
			);
			defaultConfigurationIsVisible = 0;
			defaultConfigurationName = Release;
		};
/* End XCConfigurationList section */
	};
	rootObject = 779F90B1235603A900FEAD1D /* Project object */;
}
